%{"bunt": {:hex, :bunt, "0.1.5"},
  "certifi": {:hex, :certifi, "0.3.0"},
  "coverex": {:hex, :coverex, "1.4.8"},
  "dogma": {:hex, :dogma, "0.0.7"},
  "hackney": {:hex, :hackney, "1.4.10"},
  "httpoison": {:hex, :httpoison, "0.8.1"},
  "idna": {:hex, :idna, "1.1.0"},
  "inch_ex": {:hex, :inch_ex, "0.5.1"},
  "mimerl": {:hex, :mimerl, "1.0.2"},
  "poison": {:hex, :poison, "1.5.2"},
  "ssl_verify_hostname": {:hex, :ssl_verify_hostname, "1.0.5"}}
