%{"bunt": {:hex, :bunt, "0.1.4"},
  "coverex": {:hex, :coverex, "1.4.3"},
  "dogma": {:hex, :dogma, "0.0.7"},
  "hackney": {:hex, :hackney, "1.3.2"},
  "httpoison": {:hex, :httpoison, "0.7.2"},
  "idna": {:hex, :idna, "1.0.2"},
  "poison": {:hex, :poison, "1.4.0"},
  "ssl_verify_hostname": {:hex, :ssl_verify_hostname, "1.0.5"}}
